
Microsoft Visual Studio Solution File, Format Version 12.00
Project("{FAE04EC0-301F-11D3-BF4B-00C04F79EFBC}") = "StateSync.Api", "StateSync.Api\StateSync.Api.csproj", "{A07DE05C-2570-4046-B707-600E7B3C63AE}"
EndProject
Global
	GlobalSection(SolutionConfigurationPlatforms) = preSolution
		Debug|Any CPU = Debug|Any CPU
		Release|Any CPU = Release|Any CPU
	EndGlobalSection
	GlobalSection(ProjectConfigurationPlatforms) = postSolution
		{A07DE05C-2570-4046-B707-600E7B3C63AE}.Debug|Any CPU.ActiveCfg = Debug|Any CPU
		{A07DE05C-2570-4046-B707-600E7B3C63AE}.Debug|Any CPU.Build.0 = Debug|Any CPU
		{A07DE05C-2570-4046-B707-600E7B3C63AE}.Release|Any CPU.ActiveCfg = Release|Any CPU
		{A07DE05C-2570-4046-B707-600E7B3C63AE}.Release|Any CPU.Build.0 = Release|Any CPU
	EndGlobalSection
EndGlobal
